<?xml version="1.0" encoding="UTF-8" standalone="yes" ?>
<CodeBlocks_project_file>
	<FileVersion major="1" minor="6" />
	<Project>
		<Option title="C game engine" />
		<Option compiler="gcc" />
		<Build>
			<Target title="Debug">
				<Option output="bin/Debug/C game engine" prefix_auto="1" extension_auto="1" />
				<Option object_output="obj/Debug/" />
				<Option type="1" />
				<Option compiler="gcc" />
				<Compiler>
					<Add option="-g" />
				</Compiler>
				<Linker>
					<Add library="SDL2_mixer" />
					<Add library="mingw32" />
					<Add library="SDL2" />
					<Add library="SDL2main" />
					<Add library="SDL2_image" />
				</Linker>
			</Target>
			<Target title="Release">
				<Option output="bin/Release/C game engine" prefix_auto="1" extension_auto="1" />
				<Option object_output="obj/Release/" />
				<Option type="1" />
				<Option compiler="gcc" />
				<Compiler>
					<Add option="-O2" />
				</Compiler>
				<Linker>
					<Add option="-s" />
					<Add library="SDL2_mixer" />
					<Add library="mingw32" />
					<Add library="SDL2" />
					<Add library="SDL2main" />
					<Add library="SDL2_image" />
				</Linker>
			</Target>
		</Build>
		<Compiler>
			<Add option="-Wall" />
			<Add directory="../../../../../Program Files/CodeBlocks/MinGW/x86_64-w64-mingw32" />
		</Compiler>
		<Linker>
			<Add library="mingw32" />
			<Add library="SDL2main" />
			<Add library="SDL2" />
		</Linker>
		<Unit filename="Icon.rc">
			<Option compilerVar="WINDRES" />
		</Unit>
		<Unit filename="main.c">
			<Option compilerVar="CC" />
		</Unit>
		<Extensions>
			<lib_finder disable_auto="1" />
		</Extensions>
	</Project>
</CodeBlocks_project_file>
